
Microsoft Visual Studio Solution File, Format Version 12.00
# Visual Studio Version 16
VisualStudioVersion = 16.0.28729.10
MinimumVisualStudioVersion = 10.0.40219.1
Project("{9A19103F-16F7-4668-BE54-9A1E7A4F7556}") = "webapi", "webapi.csproj", "{DED02B15-B8EA-4151-A5E0-E02D8192E848}"
EndProject
Project("{9A19103F-16F7-4668-BE54-9A1E7A4F7556}") = "CcLibrary.AspNetCore", "CcLibrary.AspNetCore\CcLibrary.AspNetCore.csproj", "{57E9EEC4-C88B-443D-B5F8-E184F832DE87}"
EndProject
Global
	GlobalSection(SolutionConfigurationPlatforms) = preSolution
		Debug|Any CPU = Debug|Any CPU
		Release|Any CPU = Release|Any CPU
	EndGlobalSection
	GlobalSection(ProjectConfigurationPlatforms) = postSolution
		{DED02B15-B8EA-4151-A5E0-E02D8192E848}.Debug|Any CPU.ActiveCfg = Debug|Any CPU
		{DED02B15-B8EA-4151-A5E0-E02D8192E848}.Debug|Any CPU.Build.0 = Debug|Any CPU
		{DED02B15-B8EA-4151-A5E0-E02D8192E848}.Release|Any CPU.ActiveCfg = Release|Any CPU
		{DED02B15-B8EA-4151-A5E0-E02D8192E848}.Release|Any CPU.Build.0 = Release|Any CPU
		{57E9EEC4-C88B-443D-B5F8-E184F832DE87}.Debug|Any CPU.ActiveCfg = Debug|Any CPU
		{57E9EEC4-C88B-443D-B5F8-E184F832DE87}.Debug|Any CPU.Build.0 = Debug|Any CPU
		{57E9EEC4-C88B-443D-B5F8-E184F832DE87}.Release|Any CPU.ActiveCfg = Release|Any CPU
		{57E9EEC4-C88B-443D-B5F8-E184F832DE87}.Release|Any CPU.Build.0 = Release|Any CPU
	EndGlobalSection
	GlobalSection(SolutionProperties) = preSolution
		HideSolutionNode = FALSE
	EndGlobalSection
	GlobalSection(ExtensibilityGlobals) = postSolution
		SolutionGuid = {36373D1E-790C-48B3-BD69-38AF10C9687A}
	EndGlobalSection
EndGlobal
